
Microsoft Visual Studio Solution File, Format Version 12.00
# Visual Studio 2012
Project("{FAE04EC0-301F-11D3-BF4B-00C04F79EFBC}") = "KSP_MOCR", "KSP_MOCR.csproj", "{DE7BC0B1-19E9-4395-8D4F-D6EC12425720}"
EndProject
Global
	GlobalSection(SolutionConfigurationPlatforms) = preSolution
		Debug|Any CPU = Debug|Any CPU
		Release|Any CPU = Release|Any CPU
	EndGlobalSection
	GlobalSection(ProjectConfigurationPlatforms) = postSolution
		{DE7BC0B1-19E9-4395-8D4F-D6EC12425720}.Debug|Any CPU.ActiveCfg = Debug|Any CPU
		{DE7BC0B1-19E9-4395-8D4F-D6EC12425720}.Debug|Any CPU.Build.0 = Debug|Any CPU
		{DE7BC0B1-19E9-4395-8D4F-D6EC12425720}.Release|Any CPU.ActiveCfg = Release|Any CPU
		{DE7BC0B1-19E9-4395-8D4F-D6EC12425720}.Release|Any CPU.Build.0 = Release|Any CPU
	EndGlobalSection
EndGlobal
